
Microsoft Visual Studio Solution File, Format Version 12.00
# Visual Studio Version 17
VisualStudioVersion = 17.14.36717.8
MinimumVisualStudioVersion = 10.0.40219.1
Project("{2150E333-8FDC-42A3-9474-1A3956D46DE8}") = "Engine", "Engine", "{02EA681E-C7D8-13C7-8484-4AC65E1B71E8}"
EndProject
Project("{8BC9CEB8-8B4A-11D0-8D11-00A0C91BC942}") = "GomiEngine", "Engine\GomiEngine\GomiEngine.vcxproj", "{05F5ACE5-3326-46EC-B568-33E99A579B7C}"
EndProject
Project("{2150E333-8FDC-42A3-9474-1A3956D46DE8}") = "Framework", "Framework", "{E354D9AC-CC75-4199-9691-B1D91637774F}"
EndProject
Project("{8BC9CEB8-8B4A-11D0-8D11-00A0C91BC942}") = "Core", "Framework\Core\Core.vcxproj", "{FDDAF33E-AF0A-4CF7-ACEF-13DF925F5CC8}"
EndProject
Project("{2150E333-8FDC-42A3-9474-1A3956D46DE8}") = "VGP242", "VGP242", "{D0B2141D-418E-4AF1-8A0C-21615F9E3FD1}"
EndProject
Project("{8BC9CEB8-8B4A-11D0-8D11-00A0C91BC942}") = "01_HelloWindow", "VGP242\01_HelloWindow\01_HelloWindow.vcxproj", "{94603D2B-E5F5-4C9B-A459-ABC9CF9F6B73}"
EndProject
Project("{8BC9CEB8-8B4A-11D0-8D11-00A0C91BC942}") = "Input", "Framework\Input\Input.vcxproj", "{3629F01A-6FED-42EB-B308-E9F7F1346EAF}"
EndProject
Project("{8BC9CEB8-8B4A-11D0-8D11-00A0C91BC942}") = "Graphics", "Framework\Graphics\Graphics.vcxproj", "{8D9B4541-998E-455E-9FF1-E1CD4571E104}"
EndProject
Project("{2150E333-8FDC-42A3-9474-1A3956D46DE8}") = "External", "External", "{3A0F557D-E286-4B24-8BEC-53F73A0F80C5}"
EndProject
Project("{8BC9CEB8-8B4A-11D0-8D11-00A0C91BC942}") = "DirectXTK_Desktop_2022", "External\DirectXTK\DirectXTK_Desktop_2022.vcxproj", "{E0B52AE7-E160-4D32-BF3F-910B785E5A8E}"
EndProject
Project("{8BC9CEB8-8B4A-11D0-8D11-00A0C91BC942}") = "Math", "Framework\Math\Math.vcxproj", "{F3865892-5198-43E8-90D4-F681381DD71F}"
EndProject
Project("{8BC9CEB8-8B4A-11D0-8D11-00A0C91BC942}") = "02_HelloShapes", "VGP242\02_HelloShapes\02_HelloShapes.vcxproj", "{7E9A7F60-CC02-4944-ABAF-B4C1D6BF8362}"
EndProject
Project("{2150E333-8FDC-42A3-9474-1A3956D46DE8}") = "Assets", "Assets", "{99DC1C73-7A8E-4A13-B42F-37F2F053A917}"
EndProject
Project("{2150E333-8FDC-42A3-9474-1A3956D46DE8}") = "Shaders", "Shaders", "{D7CD6C85-3730-4007-8E45-72AAB7278E36}"
	ProjectSection(SolutionItems) = preProject
		Assets\Shaders\DoColor.fx = Assets\Shaders\DoColor.fx
		Assets\Shaders\DoSomething.fx = Assets\Shaders\DoSomething.fx
	EndProjectSection
EndProject
Global
	GlobalSection(SolutionConfigurationPlatforms) = preSolution
		Debug|x64 = Debug|x64
		Debug|x86 = Debug|x86
		Release|x64 = Release|x64
		Release|x86 = Release|x86
	EndGlobalSection
	GlobalSection(ProjectConfigurationPlatforms) = postSolution
		{05F5ACE5-3326-46EC-B568-33E99A579B7C}.Debug|x64.ActiveCfg = Debug|x64
		{05F5ACE5-3326-46EC-B568-33E99A579B7C}.Debug|x64.Build.0 = Debug|x64
		{05F5ACE5-3326-46EC-B568-33E99A579B7C}.Debug|x86.ActiveCfg = Debug|Win32
		{05F5ACE5-3326-46EC-B568-33E99A579B7C}.Debug|x86.Build.0 = Debug|Win32
		{05F5ACE5-3326-46EC-B568-33E99A579B7C}.Release|x64.ActiveCfg = Release|x64
		{05F5ACE5-3326-46EC-B568-33E99A579B7C}.Release|x64.Build.0 = Release|x64
		{05F5ACE5-3326-46EC-B568-33E99A579B7C}.Release|x86.ActiveCfg = Release|Win32
		{05F5ACE5-3326-46EC-B568-33E99A579B7C}.Release|x86.Build.0 = Release|Win32
		{FDDAF33E-AF0A-4CF7-ACEF-13DF925F5CC8}.Debug|x64.ActiveCfg = Debug|x64
		{FDDAF33E-AF0A-4CF7-ACEF-13DF925F5CC8}.Debug|x64.Build.0 = Debug|x64
		{FDDAF33E-AF0A-4CF7-ACEF-13DF925F5CC8}.Debug|x86.ActiveCfg = Debug|Win32
		{FDDAF33E-AF0A-4CF7-ACEF-13DF925F5CC8}.Debug|x86.Build.0 = Debug|Win32
		{FDDAF33E-AF0A-4CF7-ACEF-13DF925F5CC8}.Release|x64.ActiveCfg = Release|x64
		{FDDAF33E-AF0A-4CF7-ACEF-13DF925F5CC8}.Release|x64.Build.0 = Release|x64
		{FDDAF33E-AF0A-4CF7-ACEF-13DF925F5CC8}.Release|x86.ActiveCfg = Release|Win32
		{FDDAF33E-AF0A-4CF7-ACEF-13DF925F5CC8}.Release|x86.Build.0 = Release|Win32
		{94603D2B-E5F5-4C9B-A459-ABC9CF9F6B73}.Debug|x64.ActiveCfg = Debug|x64
		{94603D2B-E5F5-4C9B-A459-ABC9CF9F6B73}.Debug|x64.Build.0 = Debug|x64
		{94603D2B-E5F5-4C9B-A459-ABC9CF9F6B73}.Debug|x86.ActiveCfg = Debug|Win32
		{94603D2B-E5F5-4C9B-A459-ABC9CF9F6B73}.Debug|x86.Build.0 = Debug|Win32
		{94603D2B-E5F5-4C9B-A459-ABC9CF9F6B73}.Release|x64.ActiveCfg = Release|x64
		{94603D2B-E5F5-4C9B-A459-ABC9CF9F6B73}.Release|x64.Build.0 = Release|x64
		{94603D2B-E5F5-4C9B-A459-ABC9CF9F6B73}.Release|x86.ActiveCfg = Release|Win32
		{94603D2B-E5F5-4C9B-A459-ABC9CF9F6B73}.Release|x86.Build.0 = Release|Win32
		{3629F01A-6FED-42EB-B308-E9F7F1346EAF}.Debug|x64.ActiveCfg = Debug|x64
		{3629F01A-6FED-42EB-B308-E9F7F1346EAF}.Debug|x64.Build.0 = Debug|x64
		{3629F01A-6FED-42EB-B308-E9F7F1346EAF}.Debug|x86.ActiveCfg = Debug|Win32
		{3629F01A-6FED-42EB-B308-E9F7F1346EAF}.Debug|x86.Build.0 = Debug|Win32
		{3629F01A-6FED-42EB-B308-E9F7F1346EAF}.Release|x64.ActiveCfg = Release|x64
		{3629F01A-6FED-42EB-B308-E9F7F1346EAF}.Release|x64.Build.0 = Release|x64
		{3629F01A-6FED-42EB-B308-E9F7F1346EAF}.Release|x86.ActiveCfg = Release|Win32
		{3629F01A-6FED-42EB-B308-E9F7F1346EAF}.Release|x86.Build.0 = Release|Win32
		{8D9B4541-998E-455E-9FF1-E1CD4571E104}.Debug|x64.ActiveCfg = Debug|x64
		{8D9B4541-998E-455E-9FF1-E1CD4571E104}.Debug|x64.Build.0 = Debug|x64
		{8D9B4541-998E-455E-9FF1-E1CD4571E104}.Debug|x86.ActiveCfg = Debug|Win32
		{8D9B4541-998E-455E-9FF1-E1CD4571E104}.Debug|x86.Build.0 = Debug|Win32
		{8D9B4541-998E-455E-9FF1-E1CD4571E104}.Release|x64.ActiveCfg = Release|x64
		{8D9B4541-998E-455E-9FF1-E1CD4571E104}.Release|x64.Build.0 = Release|x64
		{8D9B4541-998E-455E-9FF1-E1CD4571E104}.Release|x86.ActiveCfg = Release|Win32
		{8D9B4541-998E-455E-9FF1-E1CD4571E104}.Release|x86.Build.0 = Release|Win32
		{E0B52AE7-E160-4D32-BF3F-910B785E5A8E}.Debug|x64.ActiveCfg = Debug|x64
		{E0B52AE7-E160-4D32-BF3F-910B785E5A8E}.Debug|x64.Build.0 = Debug|x64
		{E0B52AE7-E160-4D32-BF3F-910B785E5A8E}.Debug|x86.ActiveCfg = Debug|Win32
		{E0B52AE7-E160-4D32-BF3F-910B785E5A8E}.Debug|x86.Build.0 = Debug|Win32
		{E0B52AE7-E160-4D32-BF3F-910B785E5A8E}.Release|x64.ActiveCfg = Release|x64
		{E0B52AE7-E160-4D32-BF3F-910B785E5A8E}.Release|x64.Build.0 = Release|x64
		{E0B52AE7-E160-4D32-BF3F-910B785E5A8E}.Release|x86.ActiveCfg = Release|Win32
		{E0B52AE7-E160-4D32-BF3F-910B785E5A8E}.Release|x86.Build.0 = Release|Win32
		{F3865892-5198-43E8-90D4-F681381DD71F}.Debug|x64.ActiveCfg = Debug|x64
		{F3865892-5198-43E8-90D4-F681381DD71F}.Debug|x64.Build.0 = Debug|x64
		{F3865892-5198-43E8-90D4-F681381DD71F}.Debug|x86.ActiveCfg = Debug|Win32
		{F3865892-5198-43E8-90D4-F681381DD71F}.Debug|x86.Build.0 = Debug|Win32
		{F3865892-5198-43E8-90D4-F681381DD71F}.Release|x64.ActiveCfg = Release|x64
		{F3865892-5198-43E8-90D4-F681381DD71F}.Release|x64.Build.0 = Release|x64
		{F3865892-5198-43E8-90D4-F681381DD71F}.Release|x86.ActiveCfg = Release|Win32
		{F3865892-5198-43E8-90D4-F681381DD71F}.Release|x86.Build.0 = Release|Win32
		{7E9A7F60-CC02-4944-ABAF-B4C1D6BF8362}.Debug|x64.ActiveCfg = Debug|x64
		{7E9A7F60-CC02-4944-ABAF-B4C1D6BF8362}.Debug|x64.Build.0 = Debug|x64
		{7E9A7F60-CC02-4944-ABAF-B4C1D6BF8362}.Debug|x86.ActiveCfg = Debug|Win32
		{7E9A7F60-CC02-4944-ABAF-B4C1D6BF8362}.Debug|x86.Build.0 = Debug|Win32
		{7E9A7F60-CC02-4944-ABAF-B4C1D6BF8362}.Release|x64.ActiveCfg = Release|x64
		{7E9A7F60-CC02-4944-ABAF-B4C1D6BF8362}.Release|x64.Build.0 = Release|x64
		{7E9A7F60-CC02-4944-ABAF-B4C1D6BF8362}.Release|x86.ActiveCfg = Release|Win32
		{7E9A7F60-CC02-4944-ABAF-B4C1D6BF8362}.Release|x86.Build.0 = Release|Win32
	EndGlobalSection
	GlobalSection(SolutionProperties) = preSolution
		HideSolutionNode = FALSE
	EndGlobalSection
	GlobalSection(NestedProjects) = preSolution
		{05F5ACE5-3326-46EC-B568-33E99A579B7C} = {02EA681E-C7D8-13C7-8484-4AC65E1B71E8}
		{FDDAF33E-AF0A-4CF7-ACEF-13DF925F5CC8} = {E354D9AC-CC75-4199-9691-B1D91637774F}
		{94603D2B-E5F5-4C9B-A459-ABC9CF9F6B73} = {D0B2141D-418E-4AF1-8A0C-21615F9E3FD1}
		{3629F01A-6FED-42EB-B308-E9F7F1346EAF} = {E354D9AC-CC75-4199-9691-B1D91637774F}
		{8D9B4541-998E-455E-9FF1-E1CD4571E104} = {E354D9AC-CC75-4199-9691-B1D91637774F}
		{E0B52AE7-E160-4D32-BF3F-910B785E5A8E} = {3A0F557D-E286-4B24-8BEC-53F73A0F80C5}
		{F3865892-5198-43E8-90D4-F681381DD71F} = {E354D9AC-CC75-4199-9691-B1D91637774F}
		{7E9A7F60-CC02-4944-ABAF-B4C1D6BF8362} = {D0B2141D-418E-4AF1-8A0C-21615F9E3FD1}
		{D7CD6C85-3730-4007-8E45-72AAB7278E36} = {99DC1C73-7A8E-4A13-B42F-37F2F053A917}
	EndGlobalSection
	GlobalSection(ExtensibilityGlobals) = postSolution
		SolutionGuid = {5F168672-F31E-4440-8DCA-36403ADDC06C}
	EndGlobalSection
EndGlobal
