
Microsoft Visual Studio Solution File, Format Version 12.00
# Visual Studio Version 17
VisualStudioVersion = 17.14.36717.8
MinimumVisualStudioVersion = 10.0.40219.1
Project("{2150E333-8FDC-42A3-9474-1A3956D46DE8}") = "Engine", "Engine", "{02EA681E-C7D8-13C7-8484-4AC65E1B71E8}"
EndProject
Project("{8BC9CEB8-8B4A-11D0-8D11-00A0C91BC942}") = "GomiEngine", "Engine\GomiEngine\GomiEngine.vcxproj", "{05F5ACE5-3326-46EC-B568-33E99A579B7C}"
EndProject
Project("{2150E333-8FDC-42A3-9474-1A3956D46DE8}") = "Framework", "Framework", "{E354D9AC-CC75-4199-9691-B1D91637774F}"
EndProject
Project("{8BC9CEB8-8B4A-11D0-8D11-00A0C91BC942}") = "Core", "Framework\Core\Core.vcxproj", "{FDDAF33E-AF0A-4CF7-ACEF-13DF925F5CC8}"
EndProject
Global
	GlobalSection(SolutionConfigurationPlatforms) = preSolution
		Debug|x64 = Debug|x64
		Debug|x86 = Debug|x86
		Release|x64 = Release|x64
		Release|x86 = Release|x86
	EndGlobalSection
	GlobalSection(ProjectConfigurationPlatforms) = postSolution
		{05F5ACE5-3326-46EC-B568-33E99A579B7C}.Debug|x64.ActiveCfg = Debug|x64
		{05F5ACE5-3326-46EC-B568-33E99A579B7C}.Debug|x64.Build.0 = Debug|x64
		{05F5ACE5-3326-46EC-B568-33E99A579B7C}.Debug|x86.ActiveCfg = Debug|Win32
		{05F5ACE5-3326-46EC-B568-33E99A579B7C}.Debug|x86.Build.0 = Debug|Win32
		{05F5ACE5-3326-46EC-B568-33E99A579B7C}.Release|x64.ActiveCfg = Release|x64
		{05F5ACE5-3326-46EC-B568-33E99A579B7C}.Release|x64.Build.0 = Release|x64
		{05F5ACE5-3326-46EC-B568-33E99A579B7C}.Release|x86.ActiveCfg = Release|Win32
		{05F5ACE5-3326-46EC-B568-33E99A579B7C}.Release|x86.Build.0 = Release|Win32
		{FDDAF33E-AF0A-4CF7-ACEF-13DF925F5CC8}.Debug|x64.ActiveCfg = Debug|x64
		{FDDAF33E-AF0A-4CF7-ACEF-13DF925F5CC8}.Debug|x64.Build.0 = Debug|x64
		{FDDAF33E-AF0A-4CF7-ACEF-13DF925F5CC8}.Debug|x86.ActiveCfg = Debug|Win32
		{FDDAF33E-AF0A-4CF7-ACEF-13DF925F5CC8}.Debug|x86.Build.0 = Debug|Win32
		{FDDAF33E-AF0A-4CF7-ACEF-13DF925F5CC8}.Release|x64.ActiveCfg = Release|x64
		{FDDAF33E-AF0A-4CF7-ACEF-13DF925F5CC8}.Release|x64.Build.0 = Release|x64
		{FDDAF33E-AF0A-4CF7-ACEF-13DF925F5CC8}.Release|x86.ActiveCfg = Release|Win32
		{FDDAF33E-AF0A-4CF7-ACEF-13DF925F5CC8}.Release|x86.Build.0 = Release|Win32
	EndGlobalSection
	GlobalSection(SolutionProperties) = preSolution
		HideSolutionNode = FALSE
	EndGlobalSection
	GlobalSection(NestedProjects) = preSolution
		{05F5ACE5-3326-46EC-B568-33E99A579B7C} = {02EA681E-C7D8-13C7-8484-4AC65E1B71E8}
		{FDDAF33E-AF0A-4CF7-ACEF-13DF925F5CC8} = {E354D9AC-CC75-4199-9691-B1D91637774F}
	EndGlobalSection
	GlobalSection(ExtensibilityGlobals) = postSolution
		SolutionGuid = {5F168672-F31E-4440-8DCA-36403ADDC06C}
	EndGlobalSection
EndGlobal
